
Microsoft Visual Studio Solution File, Format Version 12.00
# Visual Studio Version 17
VisualStudioVersion = 17.0.31903.59
MinimumVisualStudioVersion = 10.0.40219.1
Project("{FAE04EC0-301F-11D3-BF4B-00C04F79EFBC}") = "Semestralka.Domain", "Semestralka.Domain\Semestralka.Domain.csproj", "{48F1E9CB-61E7-4E0F-A12D-03BC59C56AB3}"
EndProject
Project("{FAE04EC0-301F-11D3-BF4B-00C04F79EFBC}") = "Semestralka.Application", "Semestralka.Application\Semestralka.Application.csproj", "{B7DE38F6-DE9A-4392-983A-69EDA6F13310}"
EndProject
Project("{FAE04EC0-301F-11D3-BF4B-00C04F79EFBC}") = "Semestralka.Infrastructure", "Semestralka.Infrastructure\Semestralka.Infrastructure.csproj", "{8929A7DF-738D-41B0-AE2E-36695F6BDE9B}"
EndProject
Project("{FAE04EC0-301F-11D3-BF4B-00C04F79EFBC}") = "Semestralka.Presentation", "Semestralka.Presentation\Semestralka.Presentation.csproj", "{589DB469-8130-45CD-A413-84B479BA4D73}"
EndProject
Global
	GlobalSection(SolutionConfigurationPlatforms) = preSolution
		Debug|Any CPU = Debug|Any CPU
		Debug|x64 = Debug|x64
		Debug|x86 = Debug|x86
		Release|Any CPU = Release|Any CPU
		Release|x64 = Release|x64
		Release|x86 = Release|x86
	EndGlobalSection
	GlobalSection(ProjectConfigurationPlatforms) = postSolution
		{48F1E9CB-61E7-4E0F-A12D-03BC59C56AB3}.Debug|Any CPU.ActiveCfg = Debug|Any CPU
		{48F1E9CB-61E7-4E0F-A12D-03BC59C56AB3}.Debug|Any CPU.Build.0 = Debug|Any CPU
		{48F1E9CB-61E7-4E0F-A12D-03BC59C56AB3}.Debug|x64.ActiveCfg = Debug|Any CPU
		{48F1E9CB-61E7-4E0F-A12D-03BC59C56AB3}.Debug|x64.Build.0 = Debug|Any CPU
		{48F1E9CB-61E7-4E0F-A12D-03BC59C56AB3}.Debug|x86.ActiveCfg = Debug|Any CPU
		{48F1E9CB-61E7-4E0F-A12D-03BC59C56AB3}.Debug|x86.Build.0 = Debug|Any CPU
		{48F1E9CB-61E7-4E0F-A12D-03BC59C56AB3}.Release|Any CPU.ActiveCfg = Release|Any CPU
		{48F1E9CB-61E7-4E0F-A12D-03BC59C56AB3}.Release|Any CPU.Build.0 = Release|Any CPU
		{48F1E9CB-61E7-4E0F-A12D-03BC59C56AB3}.Release|x64.ActiveCfg = Release|Any CPU
		{48F1E9CB-61E7-4E0F-A12D-03BC59C56AB3}.Release|x64.Build.0 = Release|Any CPU
		{48F1E9CB-61E7-4E0F-A12D-03BC59C56AB3}.Release|x86.ActiveCfg = Release|Any CPU
		{48F1E9CB-61E7-4E0F-A12D-03BC59C56AB3}.Release|x86.Build.0 = Release|Any CPU
		{B7DE38F6-DE9A-4392-983A-69EDA6F13310}.Debug|Any CPU.ActiveCfg = Debug|Any CPU
		{B7DE38F6-DE9A-4392-983A-69EDA6F13310}.Debug|Any CPU.Build.0 = Debug|Any CPU
		{B7DE38F6-DE9A-4392-983A-69EDA6F13310}.Debug|x64.ActiveCfg = Debug|Any CPU
		{B7DE38F6-DE9A-4392-983A-69EDA6F13310}.Debug|x64.Build.0 = Debug|Any CPU
		{B7DE38F6-DE9A-4392-983A-69EDA6F13310}.Debug|x86.ActiveCfg = Debug|Any CPU
		{B7DE38F6-DE9A-4392-983A-69EDA6F13310}.Debug|x86.Build.0 = Debug|Any CPU
		{B7DE38F6-DE9A-4392-983A-69EDA6F13310}.Release|Any CPU.ActiveCfg = Release|Any CPU
		{B7DE38F6-DE9A-4392-983A-69EDA6F13310}.Release|Any CPU.Build.0 = Release|Any CPU
		{B7DE38F6-DE9A-4392-983A-69EDA6F13310}.Release|x64.ActiveCfg = Release|Any CPU
		{B7DE38F6-DE9A-4392-983A-69EDA6F13310}.Release|x64.Build.0 = Release|Any CPU
		{B7DE38F6-DE9A-4392-983A-69EDA6F13310}.Release|x86.ActiveCfg = Release|Any CPU
		{B7DE38F6-DE9A-4392-983A-69EDA6F13310}.Release|x86.Build.0 = Release|Any CPU
		{8929A7DF-738D-41B0-AE2E-36695F6BDE9B}.Debug|Any CPU.ActiveCfg = Debug|Any CPU
		{8929A7DF-738D-41B0-AE2E-36695F6BDE9B}.Debug|Any CPU.Build.0 = Debug|Any CPU
		{8929A7DF-738D-41B0-AE2E-36695F6BDE9B}.Debug|x64.ActiveCfg = Debug|Any CPU
		{8929A7DF-738D-41B0-AE2E-36695F6BDE9B}.Debug|x64.Build.0 = Debug|Any CPU
		{8929A7DF-738D-41B0-AE2E-36695F6BDE9B}.Debug|x86.ActiveCfg = Debug|Any CPU
		{8929A7DF-738D-41B0-AE2E-36695F6BDE9B}.Debug|x86.Build.0 = Debug|Any CPU
		{8929A7DF-738D-41B0-AE2E-36695F6BDE9B}.Release|Any CPU.ActiveCfg = Release|Any CPU
		{8929A7DF-738D-41B0-AE2E-36695F6BDE9B}.Release|Any CPU.Build.0 = Release|Any CPU
		{8929A7DF-738D-41B0-AE2E-36695F6BDE9B}.Release|x64.ActiveCfg = Release|Any CPU
		{8929A7DF-738D-41B0-AE2E-36695F6BDE9B}.Release|x64.Build.0 = Release|Any CPU
		{8929A7DF-738D-41B0-AE2E-36695F6BDE9B}.Release|x86.ActiveCfg = Release|Any CPU
		{8929A7DF-738D-41B0-AE2E-36695F6BDE9B}.Release|x86.Build.0 = Release|Any CPU
		{589DB469-8130-45CD-A413-84B479BA4D73}.Debug|Any CPU.ActiveCfg = Debug|Any CPU
		{589DB469-8130-45CD-A413-84B479BA4D73}.Debug|Any CPU.Build.0 = Debug|Any CPU
		{589DB469-8130-45CD-A413-84B479BA4D73}.Debug|x64.ActiveCfg = Debug|Any CPU
		{589DB469-8130-45CD-A413-84B479BA4D73}.Debug|x64.Build.0 = Debug|Any CPU
		{589DB469-8130-45CD-A413-84B479BA4D73}.Debug|x86.ActiveCfg = Debug|Any CPU
		{589DB469-8130-45CD-A413-84B479BA4D73}.Debug|x86.Build.0 = Debug|Any CPU
		{589DB469-8130-45CD-A413-84B479BA4D73}.Release|Any CPU.ActiveCfg = Release|Any CPU
		{589DB469-8130-45CD-A413-84B479BA4D73}.Release|Any CPU.Build.0 = Release|Any CPU
		{589DB469-8130-45CD-A413-84B479BA4D73}.Release|x64.ActiveCfg = Release|Any CPU
		{589DB469-8130-45CD-A413-84B479BA4D73}.Release|x64.Build.0 = Release|Any CPU
		{589DB469-8130-45CD-A413-84B479BA4D73}.Release|x86.ActiveCfg = Release|Any CPU
		{589DB469-8130-45CD-A413-84B479BA4D73}.Release|x86.Build.0 = Release|Any CPU
	EndGlobalSection
	GlobalSection(SolutionProperties) = preSolution
		HideSolutionNode = FALSE
	EndGlobalSection
EndGlobal
